// !$*UTF8*$!
{
	archiveVersion = 1;
	classes = {
	};
	objectVersion = 46;
	objects = {

/* Begin PBXBuildFile section */
		2F5EA3DC1CEB005F00E45237 /* main.m in Sources */ = {isa = PBXBuildFile; fileRef = 2F5EA3DB1CEB005F00E45237 /* main.m */; };
		2F5EA3DF1CEB005F00E45237 /* AppDelegate.m in Sources */ = {isa = PBXBuildFile; fileRef = 2F5EA3DE1CEB005F00E45237 /* AppDelegate.m */; };
		2F5EA3E21CEB005F00E45237 /* ViewController.m in Sources */ = {isa = PBXBuildFile; fileRef = 2F5EA3E11CEB005F00E45237 /* ViewController.m */; };
		2F5EA3E51CEB005F00E45237 /* Main.storyboard in Resources */ = {isa = PBXBuildFile; fileRef = 2F5EA3E31CEB005F00E45237 /* Main.storyboard */; };
		2F5EA3E71CEB005F00E45237 /* Assets.xcassets in Resources */ = {isa = PBXBuildFile; fileRef = 2F5EA3E61CEB005F00E45237 /* Assets.xcassets */; };
		2F5EA3EA1CEB005F00E45237 /* LaunchScreen.storyboard in Resources */ = {isa = PBXBuildFile; fileRef = 2F5EA3E81CEB005F00E45237 /* LaunchScreen.storyboard */; };
		2F5EA3F41CEB008C00E45237 /* Refresh.m in Sources */ = {isa = PBXBuildFile; fileRef = 2F5EA3F31CEB008C00E45237 /* Refresh.m */; };
/* End PBXBuildFile section */

/* Begin PBXFileReference section */
		2F5EA3D71CEB005F00E45237 /* CZRefreshData29.app */ = {isa = PBXFileReference; explicitFileType = wrapper.application; includeInIndex = 0; path = CZRefreshData29.app; sourceTree = BUILT_PRODUCTS_DIR; };
		2F5EA3DB1CEB005F00E45237 /* main.m */ = {isa = PBXFileReference; lastKnownFileType = sourcecode.c.objc; path = main.m; sourceTree = "<group>"; };
		2F5EA3DD1CEB005F00E45237 /* AppDelegate.h */ = {isa = PBXFileReference; lastKnownFileType = sourcecode.c.h; path = AppDelegate.h; sourceTree = "<group>"; };
		2F5EA3DE1CEB005F00E45237 /* AppDelegate.m */ = {isa = PBXFileReference; lastKnownFileType = sourcecode.c.objc; path = AppDelegate.m; sourceTree = "<group>"; };
		2F5EA3E01CEB005F00E45237 /* ViewController.h */ = {isa = PBXFileReference; lastKnownFileType = sourcecode.c.h; path = ViewController.h; sourceTree = "<group>"; };
		2F5EA3E11CEB005F00E45237 /* ViewController.m */ = {isa = PBXFileReference; lastKnownFileType = sourcecode.c.objc; path = ViewController.m; sourceTree = "<group>"; };
		2F5EA3E41CEB005F00E45237 /* Base */ = {isa = PBXFileReference; lastKnownFileType = file.storyboard; name = Base; path = Base.lproj/Main.storyboard; sourceTree = "<group>"; };
		2F5EA3E61CEB005F00E45237 /* Assets.xcassets */ = {isa = PBXFileReference; lastKnownFileType = folder.assetcatalog; path = Assets.xcassets; sourceTree = "<group>"; };
		2F5EA3E91CEB005F00E45237 /* Base */ = {isa = PBXFileReference; lastKnownFileType = file.storyboard; name = Base; path = Base.lproj/LaunchScreen.storyboard; sourceTree = "<group>"; };
		2F5EA3EB1CEB005F00E45237 /* Info.plist */ = {isa = PBXFileReference; lastKnownFileType = text.plist.xml; path = Info.plist; sourceTree = "<group>"; };
		2F5EA3F21CEB008C00E45237 /* Refresh.h */ = {isa = PBXFileReference; fileEncoding = 4; lastKnownFileType = sourcecode.c.h; path = Refresh.h; sourceTree = "<group>"; };
		2F5EA3F31CEB008C00E45237 /* Refresh.m */ = {isa = PBXFileReference; fileEncoding = 4; lastKnownFileType = sourcecode.c.objc; path = Refresh.m; sourceTree = "<group>"; };
/* End PBXFileReference section */

/* Begin PBXFrameworksBuildPhase section */
		2F5EA3D41CEB005F00E45237 /* Frameworks */ = {
			isa = PBXFrameworksBuildPhase;
			buildActionMask = 2147483647;
			files = (
			);
			runOnlyForDeploymentPostprocessing = 0;
		};
/* End PBXFrameworksBuildPhase section */

/* Begin PBXGroup section */
		2F5EA3CE1CEB005F00E45237 = {
			isa = PBXGroup;
			children = (
				2F5EA3D91CEB005F00E45237 /* CZRefreshData29 */,
				2F5EA3D81CEB005F00E45237 /* Products */,
			);
			sourceTree = "<group>";
		};
		2F5EA3D81CEB005F00E45237 /* Products */ = {
			isa = PBXGroup;
			children = (
				2F5EA3D71CEB005F00E45237 /* CZRefreshData29.app */,
			);
			name = Products;
			sourceTree = "<group>";
		};
		2F5EA3D91CEB005F00E45237 /* CZRefreshData29 */ = {
			isa = PBXGroup;
			children = (
				2F5EA3F11CEB007D00E45237 /* Refresh */,
				2F5EA3DD1CEB005F00E45237 /* AppDelegate.h */,
				2F5EA3DE1CEB005F00E45237 /* AppDelegate.m */,
				2F5EA3E01CEB005F00E45237 /* ViewController.h */,
				2F5EA3E11CEB005F00E45237 /* ViewController.m */,
				2F5EA3E31CEB005F00E45237 /* Main.storyboard */,
				2F5EA3E61CEB005F00E45237 /* Assets.xcassets */,
				2F5EA3E81CEB005F00E45237 /* LaunchScreen.storyboard */,
				2F5EA3EB1CEB005F00E45237 /* Info.plist */,
				2F5EA3DA1CEB005F00E45237 /* Supporting Files */,
			);
			path = CZRefreshData29;
			sourceTree = "<group>";
		};
		2F5EA3DA1CEB005F00E45237 /* Supporting Files */ = {
			isa = PBXGroup;
			children = (
				2F5EA3DB1CEB005F00E45237 /* main.m */,
			);
			name = "Supporting Files";
			sourceTree = "<group>";
		};
		2F5EA3F11CEB007D00E45237 /* Refresh */ = {
			isa = PBXGroup;
			children = (
				2F5EA3F21CEB008C00E45237 /* Refresh.h */,
				2F5EA3F31CEB008C00E45237 /* Refresh.m */,
			);
			path = Refresh;
			sourceTree = "<group>";
		};
/* End PBXGroup section */

/* Begin PBXNativeTarget section */
		2F5EA3D61CEB005F00E45237 /* CZRefreshData29 */ = {
			isa = PBXNativeTarget;
			buildConfigurationList = 2F5EA3EE1CEB005F00E45237 /* Build configuration list for PBXNativeTarget "CZRefreshData29" */;
			buildPhases = (
				2F5EA3D31CEB005F00E45237 /* Sources */,
				2F5EA3D41CEB005F00E45237 /* Frameworks */,
				2F5EA3D51CEB005F00E45237 /* Resources */,
			);
			buildRules = (
			);
			dependencies = (
			);
			name = CZRefreshData29;
			productName = CZRefreshData29;
			productReference = 2F5EA3D71CEB005F00E45237 /* CZRefreshData29.app */;
			productType = "com.apple.product-type.application";
		};
/* End PBXNativeTarget section */

/* Begin PBXProject section */
		2F5EA3CF1CEB005F00E45237 /* Project object */ = {
			isa = PBXProject;
			attributes = {
				LastUpgradeCheck = 0720;
				ORGANIZATIONNAME = zhangjie;
				TargetAttributes = {
					2F5EA3D61CEB005F00E45237 = {
						CreatedOnToolsVersion = 7.2.1;
						DevelopmentTeam = PL54FJP7BN;
					};
				};
			};
			buildConfigurationList = 2F5EA3D21CEB005F00E45237 /* Build configuration list for PBXProject "CZRefreshData29" */;
			compatibilityVersion = "Xcode 3.2";
			developmentRegion = English;
			hasScannedForEncodings = 0;
			knownRegions = (
				en,
				Base,
			);
			mainGroup = 2F5EA3CE1CEB005F00E45237;
			productRefGroup = 2F5EA3D81CEB005F00E45237 /* Products */;
			projectDirPath = "";
			projectRoot = "";
			targets = (
				2F5EA3D61CEB005F00E45237 /* CZRefreshData29 */,
			);
		};
/* End PBXProject section */

/* Begin PBXResourcesBuildPhase section */
		2F5EA3D51CEB005F00E45237 /* Resources */ = {
			isa = PBXResourcesBuildPhase;
			buildActionMask = 2147483647;
			files = (
				2F5EA3EA1CEB005F00E45237 /* LaunchScreen.storyboard in Resources */,
				2F5EA3E71CEB005F00E45237 /* Assets.xcassets in Resources */,
				2F5EA3E51CEB005F00E45237 /* Main.storyboard in Resources */,
			);
			runOnlyForDeploymentPostprocessing = 0;
		};
/* End PBXResourcesBuildPhase section */

/* Begin PBXSourcesBuildPhase section */
		2F5EA3D31CEB005F00E45237 /* Sources */ = {
			isa = PBXSourcesBuildPhase;
			buildActionMask = 2147483647;
			files = (
				2F5EA3E21CEB005F00E45237 /* ViewController.m in Sources */,
				2F5EA3DF1CEB005F00E45237 /* AppDelegate.m in Sources */,
				2F5EA3DC1CEB005F00E45237 /* main.m in Sources */,
				2F5EA3F41CEB008C00E45237 /* Refresh.m in Sources */,
			);
			runOnlyForDeploymentPostprocessing = 0;
		};
/* End PBXSourcesBuildPhase section */

/* Begin PBXVariantGroup section */
		2F5EA3E31CEB005F00E45237 /* Main.storyboard */ = {
			isa = PBXVariantGroup;
			children = (
				2F5EA3E41CEB005F00E45237 /* Base */,
			);
			name = Main.storyboard;
			sourceTree = "<group>";
		};
		2F5EA3E81CEB005F00E45237 /* LaunchScreen.storyboard */ = {
			isa = PBXVariantGroup;
			children = (
				2F5EA3E91CEB005F00E45237 /* Base */,
			);
			name = LaunchScreen.storyboard;
			sourceTree = "<group>";
		};
/* End PBXVariantGroup section */

/* Begin XCBuildConfiguration section */
		2F5EA3EC1CEB005F00E45237 /* Debug */ = {
			isa = XCBuildConfiguration;
			buildSettings = {
				ALWAYS_SEARCH_USER_PATHS = NO;
				CLANG_CXX_LANGUAGE_STANDARD = "gnu++0x";
				CLANG_CXX_LIBRARY = "libc++";
				CLANG_ENABLE_MODULES = YES;
				CLANG_ENABLE_OBJC_ARC = YES;
				CLANG_WARN_BOOL_CONVERSION = YES;
				CLANG_WARN_CONSTANT_CONVERSION = YES;
				CLANG_WARN_DIRECT_OBJC_ISA_USAGE = YES_ERROR;
				CLANG_WARN_EMPTY_BODY = YES;
				CLANG_WARN_ENUM_CONVERSION = YES;
				CLANG_WARN_INT_CONVERSION = YES;
				CLANG_WARN_OBJC_ROOT_CLASS = YES_ERROR;
				CLANG_WARN_UNREACHABLE_CODE = YES;
				CLANG_WARN__DUPLICATE_METHOD_MATCH = YES;
				"CODE_SIGN_IDENTITY[sdk=iphoneos*]" = "iPhone Developer";
				COPY_PHASE_STRIP = NO;
				DEBUG_INFORMATION_FORMAT = dwarf;
				ENABLE_STRICT_OBJC_MSGSEND = YES;
				ENABLE_TESTABILITY = YES;
				GCC_C_LANGUAGE_STANDARD = gnu99;
				GCC_DYNAMIC_NO_PIC = NO;
				GCC_NO_COMMON_BLOCKS = YES;
				GCC_OPTIMIZATION_LEVEL = 0;
				GCC_PREPROCESSOR_DEFINITIONS = (
					"DEBUG=1",
					"$(inherited)",
				);
				GCC_WARN_64_TO_32_BIT_CONVERSION = YES;
				GCC_WARN_ABOUT_RETURN_TYPE = YES_ERROR;
				GCC_WARN_UNDECLARED_SELECTOR = YES;
				GCC_WARN_UNINITIALIZED_AUTOS = YES_AGGRESSIVE;
				GCC_WARN_UNUSED_FUNCTION = YES;
				GCC_WARN_UNUSED_VARIABLE = YES;
				IPHONEOS_DEPLOYMENT_TARGET = 9.2;
				MTL_ENABLE_DEBUG_INFO = YES;
				ONLY_ACTIVE_ARCH = YES;
				SDKROOT = iphoneos;
			};
			name = Debug;
		};
		2F5EA3ED1CEB005F00E45237 /* Release */ = {
			isa = XCBuildConfiguration;
			buildSettings = {
				ALWAYS_SEARCH_USER_PATHS = NO;
				CLANG_CXX_LANGUAGE_STANDARD = "gnu++0x";
				CLANG_CXX_LIBRARY = "libc++";
				CLANG_ENABLE_MODULES = YES;
				CLANG_ENABLE_OBJC_ARC = YES;
				CLANG_WARN_BOOL_CONVERSION = YES;
				CLANG_WARN_CONSTANT_CONVERSION = YES;
				CLANG_WARN_DIRECT_OBJC_ISA_USAGE = YES_ERROR;
				CLANG_WARN_EMPTY_BODY = YES;
				CLANG_WARN_ENUM_CONVERSION = YES;
				CLANG_WARN_INT_CONVERSION = YES;
				CLANG_WARN_OBJC_ROOT_CLASS = YES_ERROR;
				CLANG_WARN_UNREACHABLE_CODE = YES;
				CLANG_WARN__DUPLICATE_METHOD_MATCH = YES;
				"CODE_SIGN_IDENTITY[sdk=iphoneos*]" = "iPhone Developer";
				COPY_PHASE_STRIP = NO;
				DEBUG_INFORMATION_FORMAT = "dwarf-with-dsym";
				ENABLE_NS_ASSERTIONS = NO;
				ENABLE_STRICT_OBJC_MSGSEND = YES;
				GCC_C_LANGUAGE_STANDARD = gnu99;
				GCC_NO_COMMON_BLOCKS = YES;
				GCC_WARN_64_TO_32_BIT_CONVERSION = YES;
				GCC_WARN_ABOUT_RETURN_TYPE = YES_ERROR;
				GCC_WARN_UNDECLARED_SELECTOR = YES;
				GCC_WARN_UNINITIALIZED_AUTOS = YES_AGGRESSIVE;
				GCC_WARN_UNUSED_FUNCTION = YES;
				GCC_WARN_UNUSED_VARIABLE = YES;
				IPHONEOS_DEPLOYMENT_TARGET = 9.2;
				MTL_ENABLE_DEBUG_INFO = NO;
				SDKROOT = iphoneos;
				VALIDATE_PRODUCT = YES;
			};
			name = Release;
		};
		2F5EA3EF1CEB005F00E45237 /* Debug */ = {
			isa = XCBuildConfiguration;
			buildSettings = {
				ASSETCATALOG_COMPILER_APPICON_NAME = AppIcon;
				INFOPLIST_FILE = CZRefreshData29/Info.plist;
				LD_RUNPATH_SEARCH_PATHS = "$(inherited) @executable_path/Frameworks";
				PRODUCT_BUNDLE_IDENTIFIER = xiaojie.CZRefreshData29;
				PRODUCT_NAME = "$(TARGET_NAME)";
			};
			name = Debug;
		};
		2F5EA3F01CEB005F00E45237 /* Release */ = {
			isa = XCBuildConfiguration;
			buildSettings = {
				ASSETCATALOG_COMPILER_APPICON_NAME = AppIcon;
				INFOPLIST_FILE = CZRefreshData29/Info.plist;
				LD_RUNPATH_SEARCH_PATHS = "$(inherited) @executable_path/Frameworks";
				PRODUCT_BUNDLE_IDENTIFIER = xiaojie.CZRefreshData29;
				PRODUCT_NAME = "$(TARGET_NAME)";
			};
			name = Release;
		};
/* End XCBuildConfiguration section */

/* Begin XCConfigurationList section */
		2F5EA3D21CEB005F00E45237 /* Build configuration list for PBXProject "CZRefreshData29" */ = {
			isa = XCConfigurationList;
			buildConfigurations = (
				2F5EA3EC1CEB005F00E45237 /* Debug */,
				2F5EA3ED1CEB005F00E45237 /* Release */,
			);
			defaultConfigurationIsVisible = 0;
			defaultConfigurationName = Release;
		};
		2F5EA3EE1CEB005F00E45237 /* Build configuration list for PBXNativeTarget "CZRefreshData29" */ = {
			isa = XCConfigurationList;
			buildConfigurations = (
				2F5EA3EF1CEB005F00E45237 /* Debug */,
				2F5EA3F01CEB005F00E45237 /* Release */,
			);
			defaultConfigurationIsVisible = 0;
		};
/* End XCConfigurationList section */
	};
	rootObject = 2F5EA3CF1CEB005F00E45237 /* Project object */;
}
